{
  "version": 4,
  "terraform_version": "0.14.2",
  "serial": 63,
  "lineage": "ed465edd-a55b-670c-ae6f-df72d7b6b13b",
  "outputs": {
    "kubernetes_cluster_name": {
      "value": "challenge-everis-299103-gke",
      "type": "string"
    },
    "region": {
      "value": "us-central1",
      "type": "string"
    }
  },
  "resources": [
    {
      "mode": "data",
      "type": "google_container_engine_versions",
      "name": "main",
      "provider": "provider[\"registry.terraform.io/hashicorp/google-beta\"]",
      "instances": [
        {
          "schema_version": 0,
          "attributes": {
            "default_cluster_version": "1.16.15-gke.4901",
            "id": "2020-12-21 04:49:43.1803173 +0000 UTC",
            "latest_master_version": null,
            "latest_node_version": null,
            "location": "us-central1-c",
            "project": "challenge-everis-299103",
            "release_channel_default_version": {
              "RAPID": "1.18.12-gke.1200",
              "REGULAR": "1.17.13-gke.2600",
              "STABLE": "1.16.15-gke.4901"
            },
            "valid_master_versions": [],
            "valid_node_versions": [],
            "version_prefix": "1.18."
          },
          "sensitive_attributes": []
        }
      ]
    },
    {
      "mode": "managed",
      "type": "google_compute_network",
      "name": "vpc",
      "provider": "provider[\"registry.terraform.io/hashicorp/google\"]",
      "instances": [
        {
          "schema_version": 0,
          "attributes": {
            "auto_create_subnetworks": false,
            "delete_default_routes_on_create": false,
            "description": "",
            "gateway_ipv4": "",
            "id": "projects/challenge-everis-299103/global/networks/challenge-everis-299103-vpc",
            "mtu": 0,
            "name": "challenge-everis-299103-vpc",
            "project": "challenge-everis-299103",
            "routing_mode": "REGIONAL",
            "self_link": "https://www.googleapis.com/compute/v1/projects/challenge-everis-299103/global/networks/challenge-everis-299103-vpc",
            "timeouts": null
          },
          "sensitive_attributes": [],
          "private": "eyJlMmJmYjczMC1lY2FhLTExZTYtOGY4OC0zNDM2M2JjN2M0YzAiOnsiY3JlYXRlIjoyNDAwMDAwMDAwMDAsImRlbGV0ZSI6MjQwMDAwMDAwMDAwLCJ1cGRhdGUiOjI0MDAwMDAwMDAwMH19"
        }
      ]
    },
    {
      "mode": "managed",
      "type": "google_compute_subnetwork",
      "name": "subnet",
      "provider": "provider[\"registry.terraform.io/hashicorp/google\"]",
      "instances": [
        {
          "schema_version": 0,
          "attributes": {
            "creation_timestamp": "2020-12-20T20:49:56.965-08:00",
            "description": "",
            "fingerprint": null,
            "gateway_address": "10.10.0.1",
            "id": "projects/challenge-everis-299103/regions/us-central1/subnetworks/challenge-everis-299103-subnet",
            "ip_cidr_range": "10.10.0.0/24",
            "log_config": [],
            "name": "challenge-everis-299103-subnet",
            "network": "https://www.googleapis.com/compute/v1/projects/challenge-everis-299103/global/networks/challenge-everis-299103-vpc",
            "private_ip_google_access": false,
            "private_ipv6_google_access": "DISABLE_GOOGLE_ACCESS",
            "project": "challenge-everis-299103",
            "region": "us-central1",
            "secondary_ip_range": [],
            "self_link": "https://www.googleapis.com/compute/v1/projects/challenge-everis-299103/regions/us-central1/subnetworks/challenge-everis-299103-subnet",
            "timeouts": null
          },
          "sensitive_attributes": [],
          "private": "eyJlMmJmYjczMC1lY2FhLTExZTYtOGY4OC0zNDM2M2JjN2M0YzAiOnsiY3JlYXRlIjozNjAwMDAwMDAwMDAsImRlbGV0ZSI6MzYwMDAwMDAwMDAwLCJ1cGRhdGUiOjM2MDAwMDAwMDAwMH19",
          "dependencies": [
            "google_compute_network.vpc"
          ]
        }
      ]
    },
    {
      "mode": "managed",
      "type": "google_container_cluster",
      "name": "primary",
      "provider": "provider[\"registry.terraform.io/hashicorp/google\"]",
      "instances": [
        {
          "schema_version": 1,
          "attributes": {
            "addons_config": [
              {
                "cloudrun_config": [],
                "horizontal_pod_autoscaling": [],
                "http_load_balancing": [],
                "network_policy_config": [
                  {
                    "disabled": true
                  }
                ]
              }
            ],
            "authenticator_groups_config": [],
            "cluster_autoscaling": [
              {
                "auto_provisioning_defaults": [],
                "enabled": false,
                "resource_limits": []
              }
            ],
            "cluster_ipv4_cidr": "10.136.0.0/14",
            "database_encryption": [
              {
                "key_name": "",
                "state": "DECRYPTED"
              }
            ],
            "default_max_pods_per_node": null,
            "description": "",
            "enable_binary_authorization": false,
            "enable_intranode_visibility": null,
            "enable_kubernetes_alpha": false,
            "enable_legacy_abac": false,
            "enable_shielded_nodes": false,
            "enable_tpu": null,
            "endpoint": "34.72.84.141",
            "id": "projects/challenge-everis-299103/locations/us-central1/clusters/challenge-everis-299103-gke",
            "initial_node_count": 1,
            "instance_group_urls": [],
            "ip_allocation_policy": [],
            "label_fingerprint": "a9dc16a7",
            "location": "us-central1",
            "logging_service": "logging.googleapis.com/kubernetes",
            "maintenance_policy": [],
            "master_auth": [
              {
                "client_certificate": "",
                "client_certificate_config": [
                  {
                    "issue_client_certificate": false
                  }
                ],
                "client_key": "",
                "cluster_ca_certificate": "LS0tLS1CRUdJTiBDRVJUSUZJQ0FURS0tLS0tCk1JSURLekNDQWhPZ0F3SUJBZ0lSQUxjNEFtNElhQnFUZnhjbWNwdFo2MXd3RFFZSktvWklodmNOQVFFTEJRQXcKTHpFdE1Dc0dBMVVFQXhNa1pEQTBORGRtWldVdE56Z3dOUzAwWVRKbUxUbGxaVE10WkRJeVl6Vm1NRE15WWpGaQpNQjRYRFRJd01USXlNVEF6TlRBeE1Gb1hEVEkxTVRJeU1EQTBOVEF4TUZvd0x6RXRNQ3NHQTFVRUF4TWtaREEwCk5EZG1aV1V0Tnpnd05TMDBZVEptTFRsbFpUTXRaREl5WXpWbU1ETXlZakZpTUlJQklqQU5CZ2txaGtpRzl3MEIKQVFFRkFBT0NBUThBTUlJQkNnS0NBUUVBckZjSUZORWp3dUtaSXYvOW5SNnJlcnhBR2d2UUlGckdpdEZQSFV5WgpMNHRtSUxFQllEK3JURmRuZ0VERFlpa3hJNXh2REtPelV0eS9PamJiZkpDWHJrcnJhQ3ZUelFMbjR3UElLZTJjClpNWHFXczcyY2hpUEV0Z0RFNGpKRWVKbVRHU3U0RmdOL1FSTlltMWtoWXNHNUFyS1RhNG5lR2lyNTlqeGd4R2MKMkpUSGVzbE5VMmZ3bmJTaGVvSjhSNVhNaUh1dnZ2T3RpRGxYMWJWaSsxZDBpeUswcE5hb2lOUVlIY0NmTkpuMwpQZmkweUF4ZVorUFo0SEI1aldDMGw3ejZ4YzBXNXJxVER5cnFESjZWb2VUNE1yREUrYWY5OXhwWlI1THFoWWxlCjJ3TE1ZZ1RXSUYxYlU1K2pkZmdKbDhBWStKU2ZVeHlQOXRLeERpRXc3UmFjbFFJREFRQUJvMEl3UURBT0JnTlYKSFE4QkFmOEVCQU1DQWdRd0R3WURWUjBUQVFIL0JBVXdBd0VCL3pBZEJnTlZIUTRFRmdRVTIrUHQ4RmFNWENVVApwWlIvRUxlM2xoTEpZTTB3RFFZSktvWklodmNOQVFFTEJRQURnZ0VCQUMwSUIxZ29lbWtjRWhwcVBIMmtDdDg3Cm1Pa0NNd1dlajViZnNGdDdxZ0RUWUVuSFFsVXFMNXRQSVloR0RMbGJyZTFEeENFMERuSmUvRm9IbDkzckcyZ2EKY2VsNCtJNDRyT2FVYzFiVTMyc2pyVVhlZi9ma2l5WmVVVjNwZmU5ZEVBc2RqWHlUbThwRGVEaHdRM1lWcnZLRApBejVDWXVBUEZZMGc3M1hwZnBvekNEanhKSzBYY3I1c2RENDFkSFJ0czNubDFjMlNnR0ZNZlBNMUIwb3ppRTlICmQwRW5WSS9PU2tDKzdtL1d0b0tIV2w0N2lpdkg3dC9pRERSTGZHOTVmb25jY0dmbEtTeDZ6MW1FL1JEd25PQjkKeWdVSkIrRlpSYjFRL0hEdXpPUDFuQm5sSHFEblBIUGo4eVBZSXh6QXhJSVgycGRLSTZabXJkNmxiKzZFQlRBPQotLS0tLUVORCBDRVJUSUZJQ0FURS0tLS0tCg==",
                "password": "",
                "username": ""
              }
            ],
            "master_authorized_networks_config": [],
            "master_version": "1.16.15-gke.4901",
            "min_master_version": null,
            "monitoring_service": "monitoring.googleapis.com/kubernetes",
            "name": "challenge-everis-299103-gke",
            "network": "projects/challenge-everis-299103/global/networks/challenge-everis-299103-vpc",
            "network_policy": [
              {
                "enabled": false,
                "provider": "PROVIDER_UNSPECIFIED"
              }
            ],
            "node_config": [],
            "node_locations": [
              "us-central1-a",
              "us-central1-b",
              "us-central1-f"
            ],
            "node_pool": [],
            "node_version": "1.16.15-gke.4901",
            "operation": null,
            "pod_security_policy_config": [],
            "private_cluster_config": [],
            "project": "challenge-everis-299103",
            "release_channel": [
              {
                "channel": "UNSPECIFIED"
              }
            ],
            "remove_default_node_pool": true,
            "resource_labels": null,
            "resource_usage_export_config": [],
            "self_link": "https://container.googleapis.com/v1beta1/projects/challenge-everis-299103/locations/us-central1/clusters/challenge-everis-299103-gke",
            "services_ipv4_cidr": "10.139.240.0/20",
            "subnetwork": "projects/challenge-everis-299103/regions/us-central1/subnetworks/challenge-everis-299103-subnet",
            "timeouts": null,
            "vertical_pod_autoscaling": [],
            "workload_identity_config": []
          },
          "sensitive_attributes": [],
          "private": "eyJlMmJmYjczMC1lY2FhLTExZTYtOGY4OC0zNDM2M2JjN2M0YzAiOnsiY3JlYXRlIjoyNDAwMDAwMDAwMDAwLCJkZWxldGUiOjI0MDAwMDAwMDAwMDAsInJlYWQiOjI0MDAwMDAwMDAwMDAsInVwZGF0ZSI6MzYwMDAwMDAwMDAwMH0sInNjaGVtYV92ZXJzaW9uIjoiMSJ9",
          "dependencies": [
            "data.google_container_engine_versions.main",
            "google_compute_network.vpc",
            "google_compute_subnetwork.subnet"
          ]
        }
      ]
    },
    {
      "mode": "managed",
      "type": "google_container_node_pool",
      "name": "primary_nodes",
      "provider": "provider[\"registry.terraform.io/hashicorp/google\"]",
      "instances": [
        {
          "schema_version": 1,
          "attributes": {
            "autoscaling": [],
            "cluster": "challenge-everis-299103-gke",
            "id": "projects/challenge-everis-299103/locations/us-central1/clusters/challenge-everis-299103-gke/nodePools/challenge-everis-299103-gke-node-pool",
            "initial_node_count": 1,
            "instance_group_urls": [
              "https://www.googleapis.com/compute/v1/projects/challenge-everis-299103/zones/us-central1-a/instanceGroupManagers/gke-challenge-everis-challenge-everis-dd1a94c3-grp",
              "https://www.googleapis.com/compute/v1/projects/challenge-everis-299103/zones/us-central1-f/instanceGroupManagers/gke-challenge-everis-challenge-everis-57c65919-grp",
              "https://www.googleapis.com/compute/v1/projects/challenge-everis-299103/zones/us-central1-b/instanceGroupManagers/gke-challenge-everis-challenge-everis-3e5781d4-grp"
            ],
            "location": "us-central1",
            "management": [
              {
                "auto_repair": true,
                "auto_upgrade": true
              }
            ],
            "max_pods_per_node": null,
            "name": "challenge-everis-299103-gke-node-pool",
            "name_prefix": "",
            "node_config": [
              {
                "disk_size_gb": 100,
                "disk_type": "pd-standard",
                "guest_accelerator": [],
                "image_type": "COS",
                "labels": {
                  "env": "challenge-everis-299103"
                },
                "local_ssd_count": 0,
                "machine_type": "n1-standard-1",
                "metadata": {
                  "disable-legacy-endpoints": "true"
                },
                "min_cpu_platform": "",
                "oauth_scopes": [
                  "https://www.googleapis.com/auth/devstorage.read_only",
                  "https://www.googleapis.com/auth/logging.write",
                  "https://www.googleapis.com/auth/monitoring"
                ],
                "preemptible": false,
                "service_account": "default",
                "shielded_instance_config": [
                  {
                    "enable_integrity_monitoring": true,
                    "enable_secure_boot": false
                  }
                ],
                "tags": [
                  "gke-node",
                  "challenge-everis-299103-gke"
                ],
                "taint": [],
                "workload_metadata_config": []
              }
            ],
            "node_count": 1,
            "node_locations": [
              "us-central1-a",
              "us-central1-b",
              "us-central1-f"
            ],
            "project": "challenge-everis-299103",
            "timeouts": null,
            "upgrade_settings": [
              {
                "max_surge": 1,
                "max_unavailable": 0
              }
            ],
            "version": "1.16.15-gke.4901"
          },
          "sensitive_attributes": [],
          "private": "eyJlMmJmYjczMC1lY2FhLTExZTYtOGY4OC0zNDM2M2JjN2M0YzAiOnsiY3JlYXRlIjoxODAwMDAwMDAwMDAwLCJkZWxldGUiOjE4MDAwMDAwMDAwMDAsInVwZGF0ZSI6MTgwMDAwMDAwMDAwMH0sInNjaGVtYV92ZXJzaW9uIjoiMSJ9",
          "dependencies": [
            "data.google_container_engine_versions.main",
            "google_compute_network.vpc",
            "google_compute_subnetwork.subnet",
            "google_container_cluster.primary"
          ]
        }
      ]
    }
  ]
}
